PODS:
  - AppsFlyerFramework (4.5.9)
  - SDWebImage (3.8.2):
    - SDWebImage/Core (= 3.8.2)
  - SDWebImage/Core (3.8.2)

DEPENDENCIES:
  - AppsFlyerFramework
  - SDWebImage (~> 3.7)

SPEC CHECKSUMS:
  AppsFlyerFramework: 93c3eda4d73b8477641fabe6952260ee70ee1077
  SDWebImage: 098e97e6176540799c27e804c96653ee0833d13c

PODFILE CHECKSUM: 33ee1a1bf622cdbfe888329246ea37085c7ca6da

COCOAPODS: 1.0.0
